// !$*UTF8*$!
{
	archiveVersion = 1;
	classes = {
	};
	objectVersion = 56;
	objects = {

/* Begin PBXBuildFile section */
		CD362ABE2CED112C0034E1F6 /* FlickrImageSearchView.swift in Sources */ = {isa = PBXBuildFile; fileRef = CD362ABD2CED112C0034E1F6 /* FlickrImageSearchView.swift */; };
		CD362AC02CED13B10034E1F6 /* FlickrImageDetailView.swift in Sources */ = {isa = PBXBuildFile; fileRef = CD362ABF2CED13B10034E1F6 /* FlickrImageDetailView.swift */; };
		CDC9F6192CED087600B83704 /* FlickrImageSearchApp.swift in Sources */ = {isa = PBXBuildFile; fileRef = CDC9F6182CED087600B83704 /* FlickrImageSearchApp.swift */; };
		CDC9F61D2CED087900B83704 /* Assets.xcassets in Resources */ = {isa = PBXBuildFile; fileRef = CDC9F61C2CED087900B83704 /* Assets.xcassets */; };
		CDC9F6202CED087900B83704 /* Preview Assets.xcassets in Resources */ = {isa = PBXBuildFile; fileRef = CDC9F61F2CED087900B83704 /* Preview Assets.xcassets */; };
		CDC9F62A2CED087900B83704 /* FlickrImageSearchTests.swift in Sources */ = {isa = PBXBuildFile; fileRef = CDC9F6292CED087900B83704 /* FlickrImageSearchTests.swift */; };
		CDC9F6342CED087900B83704 /* FlickrImageSearchUITests.swift in Sources */ = {isa = PBXBuildFile; fileRef = CDC9F6332CED087900B83704 /* FlickrImageSearchUITests.swift */; };
		CDC9F6362CED087900B83704 /* FlickrImageSearchUITestsLaunchTests.swift in Sources */ = {isa = PBXBuildFile; fileRef = CDC9F6352CED087900B83704 /* FlickrImageSearchUITestsLaunchTests.swift */; };
		CDC9F6452CED0A6700B83704 /* FlickrImageSearchViewModel.swift in Sources */ = {isa = PBXBuildFile; fileRef = CDC9F6442CED0A6700B83704 /* FlickrImageSearchViewModel.swift */; };
/* End PBXBuildFile section */

/* Begin PBXContainerItemProxy section */
		CDC9F6262CED087900B83704 /* PBXContainerItemProxy */ = {
			isa = PBXContainerItemProxy;
			containerPortal = CDC9F60D2CED087600B83704 /* Project object */;
			proxyType = 1;
			remoteGlobalIDString = CDC9F6142CED087600B83704;
			remoteInfo = FlickrImageSearch;
		};
		CDC9F6302CED087900B83704 /* PBXContainerItemProxy */ = {
			isa = PBXContainerItemProxy;
			containerPortal = CDC9F60D2CED087600B83704 /* Project object */;
			proxyType = 1;
			remoteGlobalIDString = CDC9F6142CED087600B83704;
			remoteInfo = FlickrImageSearch;
		};
/* End PBXContainerItemProxy section */

/* Begin PBXFileReference section */
		CD362ABD2CED112C0034E1F6 /* FlickrImageSearchView.swift */ = {isa = PBXFileReference; lastKnownFileType = sourcecode.swift; path = FlickrImageSearchView.swift; sourceTree = "<group>"; };
		CD362ABF2CED13B10034E1F6 /* FlickrImageDetailView.swift */ = {isa = PBXFileReference; lastKnownFileType = sourcecode.swift; path = FlickrImageDetailView.swift; sourceTree = "<group>"; };
		CDC9F6152CED087600B83704 /* FlickrImageSearch.app */ = {isa = PBXFileReference; explicitFileType = wrapper.application; includeInIndex = 0; path = FlickrImageSearch.app; sourceTree = BUILT_PRODUCTS_DIR; };
		CDC9F6182CED087600B83704 /* FlickrImageSearchApp.swift */ = {isa = PBXFileReference; lastKnownFileType = sourcecode.swift; path = FlickrImageSearchApp.swift; sourceTree = "<group>"; };
		CDC9F61C2CED087900B83704 /* Assets.xcassets */ = {isa = PBXFileReference; lastKnownFileType = folder.assetcatalog; path = Assets.xcassets; sourceTree = "<group>"; };
		CDC9F61F2CED087900B83704 /* Preview Assets.xcassets */ = {isa = PBXFileReference; lastKnownFileType = folder.assetcatalog; path = "Preview Assets.xcassets"; sourceTree = "<group>"; };
		CDC9F6252CED087900B83704 /* FlickrImageSearchTests.xctest */ = {isa = PBXFileReference; explicitFileType = wrapper.cfbundle; includeInIndex = 0; path = FlickrImageSearchTests.xctest; sourceTree = BUILT_PRODUCTS_DIR; };
		CDC9F6292CED087900B83704 /* FlickrImageSearchTests.swift */ = {isa = PBXFileReference; lastKnownFileType = sourcecode.swift; path = FlickrImageSearchTests.swift; sourceTree = "<group>"; };
		CDC9F62F2CED087900B83704 /* FlickrImageSearchUITests.xctest */ = {isa = PBXFileReference; explicitFileType = wrapper.cfbundle; includeInIndex = 0; path = FlickrImageSearchUITests.xctest; sourceTree = BUILT_PRODUCTS_DIR; };
		CDC9F6332CED087900B83704 /* FlickrImageSearchUITests.swift */ = {isa = PBXFileReference; lastKnownFileType = sourcecode.swift; path = FlickrImageSearchUITests.swift; sourceTree = "<group>"; };
		CDC9F6352CED087900B83704 /* FlickrImageSearchUITestsLaunchTests.swift */ = {isa = PBXFileReference; lastKnownFileType = sourcecode.swift; path = FlickrImageSearchUITestsLaunchTests.swift; sourceTree = "<group>"; };
		CDC9F6442CED0A6700B83704 /* FlickrImageSearchViewModel.swift */ = {isa = PBXFileReference; lastKnownFileType = sourcecode.swift; path = FlickrImageSearchViewModel.swift; sourceTree = "<group>"; };
/* End PBXFileReference section */

/* Begin PBXFrameworksBuildPhase section */
		CDC9F6122CED087600B83704 /* Frameworks */ = {
			isa = PBXFrameworksBuildPhase;
			buildActionMask = 2147483647;
			files = (
			);
			runOnlyForDeploymentPostprocessing = 0;
		};
		CDC9F6222CED087900B83704 /* Frameworks */ = {
			isa = PBXFrameworksBuildPhase;
			buildActionMask = 2147483647;
			files = (
			);
			runOnlyForDeploymentPostprocessing = 0;
		};
		CDC9F62C2CED087900B83704 /* Frameworks */ = {
			isa = PBXFrameworksBuildPhase;
			buildActionMask = 2147483647;
			files = (
			);
			runOnlyForDeploymentPostprocessing = 0;
		};
/* End PBXFrameworksBuildPhase section */

/* Begin PBXGroup section */
		CDC9F60C2CED087600B83704 = {
			isa = PBXGroup;
			children = (
				CDC9F6172CED087600B83704 /* FlickrImageSearch */,
				CDC9F6282CED087900B83704 /* FlickrImageSearchTests */,
				CDC9F6322CED087900B83704 /* FlickrImageSearchUITests */,
				CDC9F6162CED087600B83704 /* Products */,
			);
			sourceTree = "<group>";
		};
		CDC9F6162CED087600B83704 /* Products */ = {
			isa = PBXGroup;
			children = (
				CDC9F6152CED087600B83704 /* FlickrImageSearch.app */,
				CDC9F6252CED087900B83704 /* FlickrImageSearchTests.xctest */,
				CDC9F62F2CED087900B83704 /* FlickrImageSearchUITests.xctest */,
			);
			name = Products;
			sourceTree = "<group>";
		};
		CDC9F6172CED087600B83704 /* FlickrImageSearch */ = {
			isa = PBXGroup;
			children = (
				CDC9F6182CED087600B83704 /* FlickrImageSearchApp.swift */,
				CDC9F61C2CED087900B83704 /* Assets.xcassets */,
				CDC9F61E2CED087900B83704 /* Preview Content */,
				CDC9F6442CED0A6700B83704 /* FlickrImageSearchViewModel.swift */,
				CD362ABD2CED112C0034E1F6 /* FlickrImageSearchView.swift */,
				CD362ABF2CED13B10034E1F6 /* FlickrImageDetailView.swift */,
			);
			path = FlickrImageSearch;
			sourceTree = "<group>";
		};
		CDC9F61E2CED087900B83704 /* Preview Content */ = {
			isa = PBXGroup;
			children = (
				CDC9F61F2CED087900B83704 /* Preview Assets.xcassets */,
			);
			path = "Preview Content";
			sourceTree = "<group>";
		};
		CDC9F6282CED087900B83704 /* FlickrImageSearchTests */ = {
			isa = PBXGroup;
			children = (
				CDC9F6292CED087900B83704 /* FlickrImageSearchTests.swift */,
			);
			path = FlickrImageSearchTests;
			sourceTree = "<group>";
		};
		CDC9F6322CED087900B83704 /* FlickrImageSearchUITests */ = {
			isa = PBXGroup;
			children = (
				CDC9F6332CED087900B83704 /* FlickrImageSearchUITests.swift */,
				CDC9F6352CED087900B83704 /* FlickrImageSearchUITestsLaunchTests.swift */,
			);
			path = FlickrImageSearchUITests;
			sourceTree = "<group>";
		};
/* End PBXGroup section */

/* Begin PBXNativeTarget section */
		CDC9F6142CED087600B83704 /* FlickrImageSearch */ = {
			isa = PBXNativeTarget;
			buildConfigurationList = CDC9F6392CED087900B83704 /* Build configuration list for PBXNativeTarget "FlickrImageSearch" */;
			buildPhases = (
				CDC9F6112CED087600B83704 /* Sources */,
				CDC9F6122CED087600B83704 /* Frameworks */,
				CDC9F6132CED087600B83704 /* Resources */,
			);
			buildRules = (
			);
			dependencies = (
			);
			name = FlickrImageSearch;
			productName = FlickrImageSearch;
			productReference = CDC9F6152CED087600B83704 /* FlickrImageSearch.app */;
			productType = "com.apple.product-type.application";
		};
		CDC9F6242CED087900B83704 /* FlickrImageSearchTests */ = {
			isa = PBXNativeTarget;
			buildConfigurationList = CDC9F63C2CED087900B83704 /* Build configuration list for PBXNativeTarget "FlickrImageSearchTests" */;
			buildPhases = (
				CDC9F6212CED087900B83704 /* Sources */,
				CDC9F6222CED087900B83704 /* Frameworks */,
				CDC9F6232CED087900B83704 /* Resources */,
			);
			buildRules = (
			);
			dependencies = (
				CDC9F6272CED087900B83704 /* PBXTargetDependency */,
			);
			name = FlickrImageSearchTests;
			productName = FlickrImageSearchTests;
			productReference = CDC9F6252CED087900B83704 /* FlickrImageSearchTests.xctest */;
			productType = "com.apple.product-type.bundle.unit-test";
		};
		CDC9F62E2CED087900B83704 /* FlickrImageSearchUITests */ = {
			isa = PBXNativeTarget;
			buildConfigurationList = CDC9F63F2CED087900B83704 /* Build configuration list for PBXNativeTarget "FlickrImageSearchUITests" */;
			buildPhases = (
				CDC9F62B2CED087900B83704 /* Sources */,
				CDC9F62C2CED087900B83704 /* Frameworks */,
				CDC9F62D2CED087900B83704 /* Resources */,
			);
			buildRules = (
			);
			dependencies = (
				CDC9F6312CED087900B83704 /* PBXTargetDependency */,
			);
			name = FlickrImageSearchUITests;
			productName = FlickrImageSearchUITests;
			productReference = CDC9F62F2CED087900B83704 /* FlickrImageSearchUITests.xctest */;
			productType = "com.apple.product-type.bundle.ui-testing";
		};
/* End PBXNativeTarget section */

/* Begin PBXProject section */
		CDC9F60D2CED087600B83704 /* Project object */ = {
			isa = PBXProject;
			attributes = {
				BuildIndependentTargetsInParallel = 1;
				LastSwiftUpdateCheck = 1540;
				LastUpgradeCheck = 1540;
				TargetAttributes = {
					CDC9F6142CED087600B83704 = {
						CreatedOnToolsVersion = 15.4;
					};
					CDC9F6242CED087900B83704 = {
						CreatedOnToolsVersion = 15.4;
						TestTargetID = CDC9F6142CED087600B83704;
					};
					CDC9F62E2CED087900B83704 = {
						CreatedOnToolsVersion = 15.4;
						TestTargetID = CDC9F6142CED087600B83704;
					};
				};
			};
			buildConfigurationList = CDC9F6102CED087600B83704 /* Build configuration list for PBXProject "FlickrImageSearch" */;
			compatibilityVersion = "Xcode 14.0";
			developmentRegion = en;
			hasScannedForEncodings = 0;
			knownRegions = (
				en,
				Base,
			);
			mainGroup = CDC9F60C2CED087600B83704;
			productRefGroup = CDC9F6162CED087600B83704 /* Products */;
			projectDirPath = "";
			projectRoot = "";
			targets = (
				CDC9F6142CED087600B83704 /* FlickrImageSearch */,
				CDC9F6242CED087900B83704 /* FlickrImageSearchTests */,
				CDC9F62E2CED087900B83704 /* FlickrImageSearchUITests */,
			);
		};
/* End PBXProject section */

/* Begin PBXResourcesBuildPhase section */
		CDC9F6132CED087600B83704 /* Resources */ = {
			isa = PBXResourcesBuildPhase;
			buildActionMask = 2147483647;
			files = (
				CDC9F6202CED087900B83704 /* Preview Assets.xcassets in Resources */,
				CDC9F61D2CED087900B83704 /* Assets.xcassets in Resources */,
			);
			runOnlyForDeploymentPostprocessing = 0;
		};
		CDC9F6232CED087900B83704 /* Resources */ = {
			isa = PBXResourcesBuildPhase;
			buildActionMask = 2147483647;
			files = (
			);
			runOnlyForDeploymentPostprocessing = 0;
		};
		CDC9F62D2CED087900B83704 /* Resources */ = {
			isa = PBXResourcesBuildPhase;
			buildActionMask = 2147483647;
			files = (
			);
			runOnlyForDeploymentPostprocessing = 0;
		};
/* End PBXResourcesBuildPhase section */

/* Begin PBXSourcesBuildPhase section */
		CDC9F6112CED087600B83704 /* Sources */ = {
			isa = PBXSourcesBuildPhase;
			buildActionMask = 2147483647;
			files = (
				CDC9F6452CED0A6700B83704 /* FlickrImageSearchViewModel.swift in Sources */,
				CD362AC02CED13B10034E1F6 /* FlickrImageDetailView.swift in Sources */,
				CD362ABE2CED112C0034E1F6 /* FlickrImageSearchView.swift in Sources */,
				CDC9F6192CED087600B83704 /* FlickrImageSearchApp.swift in Sources */,
			);
			runOnlyForDeploymentPostprocessing = 0;
		};
		CDC9F6212CED087900B83704 /* Sources */ = {
			isa = PBXSourcesBuildPhase;
			buildActionMask = 2147483647;
			files = (
				CDC9F62A2CED087900B83704 /* FlickrImageSearchTests.swift in Sources */,
			);
			runOnlyForDeploymentPostprocessing = 0;
		};
		CDC9F62B2CED087900B83704 /* Sources */ = {
			isa = PBXSourcesBuildPhase;
			buildActionMask = 2147483647;
			files = (
				CDC9F6342CED087900B83704 /* FlickrImageSearchUITests.swift in Sources */,
				CDC9F6362CED087900B83704 /* FlickrImageSearchUITestsLaunchTests.swift in Sources */,
			);
			runOnlyForDeploymentPostprocessing = 0;
		};
/* End PBXSourcesBuildPhase section */

/* Begin PBXTargetDependency section */
		CDC9F6272CED087900B83704 /* PBXTargetDependency */ = {
			isa = PBXTargetDependency;
			target = CDC9F6142CED087600B83704 /* FlickrImageSearch */;
			targetProxy = CDC9F6262CED087900B83704 /* PBXContainerItemProxy */;
		};
		CDC9F6312CED087900B83704 /* PBXTargetDependency */ = {
			isa = PBXTargetDependency;
			target = CDC9F6142CED087600B83704 /* FlickrImageSearch */;
			targetProxy = CDC9F6302CED087900B83704 /* PBXContainerItemProxy */;
		};
/* End PBXTargetDependency section */

/* Begin XCBuildConfiguration section */
		CDC9F6372CED087900B83704 /* Debug */ = {
			isa = XCBuildConfiguration;
			buildSettings = {
				ALWAYS_SEARCH_USER_PATHS = NO;
				ASSETCATALOG_COMPILER_GENERATE_SWIFT_ASSET_SYMBOL_EXTENSIONS = YES;
				CLANG_ANALYZER_NONNULL = YES;
				CLANG_ANALYZER_NUMBER_OBJECT_CONVERSION = YES_AGGRESSIVE;
				CLANG_CXX_LANGUAGE_STANDARD = "gnu++20";
				CLANG_ENABLE_MODULES = YES;
				CLANG_ENABLE_OBJC_ARC = YES;
				CLANG_ENABLE_OBJC_WEAK = YES;
				CLANG_WARN_BLOCK_CAPTURE_AUTORELEASING = YES;
				CLANG_WARN_BOOL_CONVERSION = YES;
				CLANG_WARN_COMMA = YES;
				CLANG_WARN_CONSTANT_CONVERSION = YES;
				CLANG_WARN_DEPRECATED_OBJC_IMPLEMENTATIONS = YES;
				CLANG_WARN_DIRECT_OBJC_ISA_USAGE = YES_ERROR;
				CLANG_WARN_DOCUMENTATION_COMMENTS = YES;
				CLANG_WARN_EMPTY_BODY = YES;
				CLANG_WARN_ENUM_CONVERSION = YES;
				CLANG_WARN_INFINITE_RECURSION = YES;
				CLANG_WARN_INT_CONVERSION = YES;
				CLANG_WARN_NON_LITERAL_NULL_CONVERSION = YES;
				CLANG_WARN_OBJC_IMPLICIT_RETAIN_SELF = YES;
				CLANG_WARN_OBJC_LITERAL_CONVERSION = YES;
				CLANG_WARN_OBJC_ROOT_CLASS = YES_ERROR;
				CLANG_WARN_QUOTED_INCLUDE_IN_FRAMEWORK_HEADER = YES;
				CLANG_WARN_RANGE_LOOP_ANALYSIS = YES;
				CLANG_WARN_STRICT_PROTOTYPES = YES;
				CLANG_WARN_SUSPICIOUS_MOVE = YES;
				CLANG_WARN_UNGUARDED_AVAILABILITY = YES_AGGRESSIVE;
				CLANG_WARN_UNREACHABLE_CODE = YES;
				CLANG_WARN__DUPLICATE_METHOD_MATCH = YES;
				COPY_PHASE_STRIP = NO;
				DEBUG_INFORMATION_FORMAT = dwarf;
				ENABLE_STRICT_OBJC_MSGSEND = YES;
				ENABLE_TESTABILITY = YES;
				ENABLE_USER_SCRIPT_SANDBOXING = YES;
				GCC_C_LANGUAGE_STANDARD = gnu17;
				GCC_DYNAMIC_NO_PIC = NO;
				GCC_NO_COMMON_BLOCKS = YES;
				GCC_OPTIMIZATION_LEVEL = 0;
				GCC_PREPROCESSOR_DEFINITIONS = (
					"DEBUG=1",
					"$(inherited)",
				);
				GCC_WARN_64_TO_32_BIT_CONVERSION = YES;
				GCC_WARN_ABOUT_RETURN_TYPE = YES_ERROR;
				GCC_WARN_UNDECLARED_SELECTOR = YES;
				GCC_WARN_UNINITIALIZED_AUTOS = YES_AGGRESSIVE;
				GCC_WARN_UNUSED_FUNCTION = YES;
				GCC_WARN_UNUSED_VARIABLE = YES;
				IPHONEOS_DEPLOYMENT_TARGET = 17.5;
				LOCALIZATION_PREFERS_STRING_CATALOGS = YES;
				MTL_ENABLE_DEBUG_INFO = INCLUDE_SOURCE;
				MTL_FAST_MATH = YES;
				ONLY_ACTIVE_ARCH = YES;
				SDKROOT = iphoneos;
				SWIFT_ACTIVE_COMPILATION_CONDITIONS = "DEBUG $(inherited)";
				SWIFT_OPTIMIZATION_LEVEL = "-Onone";
			};
			name = Debug;
		};
		CDC9F6382CED087900B83704 /* Release */ = {
			isa = XCBuildConfiguration;
			buildSettings = {
				ALWAYS_SEARCH_USER_PATHS = NO;
				ASSETCATALOG_COMPILER_GENERATE_SWIFT_ASSET_SYMBOL_EXTENSIONS = YES;
				CLANG_ANALYZER_NONNULL = YES;
				CLANG_ANALYZER_NUMBER_OBJECT_CONVERSION = YES_AGGRESSIVE;
				CLANG_CXX_LANGUAGE_STANDARD = "gnu++20";
				CLANG_ENABLE_MODULES = YES;
				CLANG_ENABLE_OBJC_ARC = YES;
				CLANG_ENABLE_OBJC_WEAK = YES;
				CLANG_WARN_BLOCK_CAPTURE_AUTORELEASING = YES;
				CLANG_WARN_BOOL_CONVERSION = YES;
				CLANG_WARN_COMMA = YES;
				CLANG_WARN_CONSTANT_CONVERSION = YES;
				CLANG_WARN_DEPRECATED_OBJC_IMPLEMENTATIONS = YES;
				CLANG_WARN_DIRECT_OBJC_ISA_USAGE = YES_ERROR;
				CLANG_WARN_DOCUMENTATION_COMMENTS = YES;
				CLANG_WARN_EMPTY_BODY = YES;
				CLANG_WARN_ENUM_CONVERSION = YES;
				CLANG_WARN_INFINITE_RECURSION = YES;
				CLANG_WARN_INT_CONVERSION = YES;
				CLANG_WARN_NON_LITERAL_NULL_CONVERSION = YES;
				CLANG_WARN_OBJC_IMPLICIT_RETAIN_SELF = YES;
				CLANG_WARN_OBJC_LITERAL_CONVERSION = YES;
				CLANG_WARN_OBJC_ROOT_CLASS = YES_ERROR;
				CLANG_WARN_QUOTED_INCLUDE_IN_FRAMEWORK_HEADER = YES;
				CLANG_WARN_RANGE_LOOP_ANALYSIS = YES;
				CLANG_WARN_STRICT_PROTOTYPES = YES;
				CLANG_WARN_SUSPICIOUS_MOVE = YES;
				CLANG_WARN_UNGUARDED_AVAILABILITY = YES_AGGRESSIVE;
				CLANG_WARN_UNREACHABLE_CODE = YES;
				CLANG_WARN__DUPLICATE_METHOD_MATCH = YES;
				COPY_PHASE_STRIP = NO;
				DEBUG_INFORMATION_FORMAT = "dwarf-with-dsym";
				ENABLE_NS_ASSERTIONS = NO;
				ENABLE_STRICT_OBJC_MSGSEND = YES;
				ENABLE_USER_SCRIPT_SANDBOXING = YES;
				GCC_C_LANGUAGE_STANDARD = gnu17;
				GCC_NO_COMMON_BLOCKS = YES;
				GCC_WARN_64_TO_32_BIT_CONVERSION = YES;
				GCC_WARN_ABOUT_RETURN_TYPE = YES_ERROR;
				GCC_WARN_UNDECLARED_SELECTOR = YES;
				GCC_WARN_UNINITIALIZED_AUTOS = YES_AGGRESSIVE;
				GCC_WARN_UNUSED_FUNCTION = YES;
				GCC_WARN_UNUSED_VARIABLE = YES;
				IPHONEOS_DEPLOYMENT_TARGET = 17.5;
				LOCALIZATION_PREFERS_STRING_CATALOGS = YES;
				MTL_ENABLE_DEBUG_INFO = NO;
				MTL_FAST_MATH = YES;
				SDKROOT = iphoneos;
				SWIFT_COMPILATION_MODE = wholemodule;
				VALIDATE_PRODUCT = YES;
			};
			name = Release;
		};
		CDC9F63A2CED087900B83704 /* Debug */ = {
			isa = XCBuildConfiguration;
			buildSettings = {
				ASSETCATALOG_COMPILER_APPICON_NAME = AppIcon;
				ASSETCATALOG_COMPILER_GLOBAL_ACCENT_COLOR_NAME = AccentColor;
				CODE_SIGN_STYLE = Automatic;
				CURRENT_PROJECT_VERSION = 1;
				DEVELOPMENT_ASSET_PATHS = "\"FlickrImageSearch/Preview Content\"";
				ENABLE_PREVIEWS = YES;
				GENERATE_INFOPLIST_FILE = YES;
				INFOPLIST_KEY_UIApplicationSceneManifest_Generation = YES;
				INFOPLIST_KEY_UIApplicationSupportsIndirectInputEvents = YES;
				INFOPLIST_KEY_UILaunchScreen_Generation = YES;
				INFOPLIST_KEY_UISupportedInterfaceOrientations_iPad = "UIInterfaceOrientationPortrait UIInterfaceOrientationPortraitUpsideDown UIInterfaceOrientationLandscapeLeft UIInterfaceOrientationLandscapeRight";
				INFOPLIST_KEY_UISupportedInterfaceOrientations_iPhone = "UIInterfaceOrientationPortrait UIInterfaceOrientationLandscapeLeft UIInterfaceOrientationLandscapeRight";
				LD_RUNPATH_SEARCH_PATHS = (
					"$(inherited)",
					"@executable_path/Frameworks",
				);
				MARKETING_VERSION = 1.0;
				PRODUCT_BUNDLE_IDENTIFIER = Rajesh.FlickrImageSearch;
				PRODUCT_NAME = "$(TARGET_NAME)";
				SWIFT_EMIT_LOC_STRINGS = YES;
				SWIFT_VERSION = 5.0;
				TARGETED_DEVICE_FAMILY = "1,2";
			};
			name = Debug;
		};
		CDC9F63B2CED087900B83704 /* Release */ = {
			isa = XCBuildConfiguration;
			buildSettings = {
				ASSETCATALOG_COMPILER_APPICON_NAME = AppIcon;
				ASSETCATALOG_COMPILER_GLOBAL_ACCENT_COLOR_NAME = AccentColor;
				CODE_SIGN_STYLE = Automatic;
				CURRENT_PROJECT_VERSION = 1;
				DEVELOPMENT_ASSET_PATHS = "\"FlickrImageSearch/Preview Content\"";
				ENABLE_PREVIEWS = YES;
				GENERATE_INFOPLIST_FILE = YES;
				INFOPLIST_KEY_UIApplicationSceneManifest_Generation = YES;
				INFOPLIST_KEY_UIApplicationSupportsIndirectInputEvents = YES;
				INFOPLIST_KEY_UILaunchScreen_Generation = YES;
				INFOPLIST_KEY_UISupportedInterfaceOrientations_iPad = "UIInterfaceOrientationPortrait UIInterfaceOrientationPortraitUpsideDown UIInterfaceOrientationLandscapeLeft UIInterfaceOrientationLandscapeRight";
				INFOPLIST_KEY_UISupportedInterfaceOrientations_iPhone = "UIInterfaceOrientationPortrait UIInterfaceOrientationLandscapeLeft UIInterfaceOrientationLandscapeRight";
				LD_RUNPATH_SEARCH_PATHS = (
					"$(inherited)",
					"@executable_path/Frameworks",
				);
				MARKETING_VERSION = 1.0;
				PRODUCT_BUNDLE_IDENTIFIER = Rajesh.FlickrImageSearch;
				PRODUCT_NAME = "$(TARGET_NAME)";
				SWIFT_EMIT_LOC_STRINGS = YES;
				SWIFT_VERSION = 5.0;
				TARGETED_DEVICE_FAMILY = "1,2";
			};
			name = Release;
		};
		CDC9F63D2CED087900B83704 /* Debug */ = {
			isa = XCBuildConfiguration;
			buildSettings = {
				ALWAYS_EMBED_SWIFT_STANDARD_LIBRARIES = YES;
				BUNDLE_LOADER = "$(TEST_HOST)";
				CODE_SIGN_STYLE = Automatic;
				CURRENT_PROJECT_VERSION = 1;
				GENERATE_INFOPLIST_FILE = YES;
				IPHONEOS_DEPLOYMENT_TARGET = 17.5;
				MARKETING_VERSION = 1.0;
				PRODUCT_BUNDLE_IDENTIFIER = Rajesh.FlickrImageSearchTests;
				PRODUCT_NAME = "$(TARGET_NAME)";
				SWIFT_EMIT_LOC_STRINGS = NO;
				SWIFT_VERSION = 5.0;
				TARGETED_DEVICE_FAMILY = "1,2";
				TEST_HOST = "$(BUILT_PRODUCTS_DIR)/FlickrImageSearch.app/$(BUNDLE_EXECUTABLE_FOLDER_PATH)/FlickrImageSearch";
			};
			name = Debug;
		};
		CDC9F63E2CED087900B83704 /* Release */ = {
			isa = XCBuildConfiguration;
			buildSettings = {
				ALWAYS_EMBED_SWIFT_STANDARD_LIBRARIES = YES;
				BUNDLE_LOADER = "$(TEST_HOST)";
				CODE_SIGN_STYLE = Automatic;
				CURRENT_PROJECT_VERSION = 1;
				GENERATE_INFOPLIST_FILE = YES;
				IPHONEOS_DEPLOYMENT_TARGET = 17.5;
				MARKETING_VERSION = 1.0;
				PRODUCT_BUNDLE_IDENTIFIER = Rajesh.FlickrImageSearchTests;
				PRODUCT_NAME = "$(TARGET_NAME)";
				SWIFT_EMIT_LOC_STRINGS = NO;
				SWIFT_VERSION = 5.0;
				TARGETED_DEVICE_FAMILY = "1,2";
				TEST_HOST = "$(BUILT_PRODUCTS_DIR)/FlickrImageSearch.app/$(BUNDLE_EXECUTABLE_FOLDER_PATH)/FlickrImageSearch";
			};
			name = Release;
		};
		CDC9F6402CED087900B83704 /* Debug */ = {
			isa = XCBuildConfiguration;
			buildSettings = {
				ALWAYS_EMBED_SWIFT_STANDARD_LIBRARIES = YES;
				CODE_SIGN_STYLE = Automatic;
				CURRENT_PROJECT_VERSION = 1;
				GENERATE_INFOPLIST_FILE = YES;
				MARKETING_VERSION = 1.0;
				PRODUCT_BUNDLE_IDENTIFIER = Rajesh.FlickrImageSearchUITests;
				PRODUCT_NAME = "$(TARGET_NAME)";
				SWIFT_EMIT_LOC_STRINGS = NO;
				SWIFT_VERSION = 5.0;
				TARGETED_DEVICE_FAMILY = "1,2";
				TEST_TARGET_NAME = FlickrImageSearch;
			};
			name = Debug;
		};
		CDC9F6412CED087900B83704 /* Release */ = {
			isa = XCBuildConfiguration;
			buildSettings = {
				ALWAYS_EMBED_SWIFT_STANDARD_LIBRARIES = YES;
				CODE_SIGN_STYLE = Automatic;
				CURRENT_PROJECT_VERSION = 1;
				GENERATE_INFOPLIST_FILE = YES;
				MARKETING_VERSION = 1.0;
				PRODUCT_BUNDLE_IDENTIFIER = Rajesh.FlickrImageSearchUITests;
				PRODUCT_NAME = "$(TARGET_NAME)";
				SWIFT_EMIT_LOC_STRINGS = NO;
				SWIFT_VERSION = 5.0;
				TARGETED_DEVICE_FAMILY = "1,2";
				TEST_TARGET_NAME = FlickrImageSearch;
			};
			name = Release;
		};
/* End XCBuildConfiguration section */

/* Begin XCConfigurationList section */
		CDC9F6102CED087600B83704 /* Build configuration list for PBXProject "FlickrImageSearch" */ = {
			isa = XCConfigurationList;
			buildConfigurations = (
				CDC9F6372CED087900B83704 /* Debug */,
				CDC9F6382CED087900B83704 /* Release */,
			);
			defaultConfigurationIsVisible = 0;
			defaultConfigurationName = Release;
		};
		CDC9F6392CED087900B83704 /* Build configuration list for PBXNativeTarget "FlickrImageSearch" */ = {
			isa = XCConfigurationList;
			buildConfigurations = (
				CDC9F63A2CED087900B83704 /* Debug */,
				CDC9F63B2CED087900B83704 /* Release */,
			);
			defaultConfigurationIsVisible = 0;
			defaultConfigurationName = Release;
		};
		CDC9F63C2CED087900B83704 /* Build configuration list for PBXNativeTarget "FlickrImageSearchTests" */ = {
			isa = XCConfigurationList;
			buildConfigurations = (
				CDC9F63D2CED087900B83704 /* Debug */,
				CDC9F63E2CED087900B83704 /* Release */,
			);
			defaultConfigurationIsVisible = 0;
			defaultConfigurationName = Release;
		};
		CDC9F63F2CED087900B83704 /* Build configuration list for PBXNativeTarget "FlickrImageSearchUITests" */ = {
			isa = XCConfigurationList;
			buildConfigurations = (
				CDC9F6402CED087900B83704 /* Debug */,
				CDC9F6412CED087900B83704 /* Release */,
			);
			defaultConfigurationIsVisible = 0;
			defaultConfigurationName = Release;
		};
/* End XCConfigurationList section */
	};
	rootObject = CDC9F60D2CED087600B83704 /* Project object */;
}
